
Microsoft Visual Studio Solution File, Format Version 12.00
# Visual Studio Version 17
VisualStudioVersion = 17.14.36212.18 d17.14
MinimumVisualStudioVersion = 10.0.40219.1
Project("{FAE04EC0-301F-11D3-BF4B-00C04F79EFBC}") = "LinkedList", "LinkedList.csproj", "{2261E308-1B99-4620-A458-1121D75F4615}"
EndProject
Global
	GlobalSection(SolutionConfigurationPlatforms) = preSolution
		Debug|Any CPU = Debug|Any CPU
		Release|Any CPU = Release|Any CPU
	EndGlobalSection
	GlobalSection(ProjectConfigurationPlatforms) = postSolution
		{2261E308-1B99-4620-A458-1121D75F4615}.Debug|Any CPU.ActiveCfg = Debug|Any CPU
		{2261E308-1B99-4620-A458-1121D75F4615}.Debug|Any CPU.Build.0 = Debug|Any CPU
		{2261E308-1B99-4620-A458-1121D75F4615}.Release|Any CPU.ActiveCfg = Release|Any CPU
		{2261E308-1B99-4620-A458-1121D75F4615}.Release|Any CPU.Build.0 = Release|Any CPU
	EndGlobalSection
	GlobalSection(SolutionProperties) = preSolution
		HideSolutionNode = FALSE
	EndGlobalSection
	GlobalSection(ExtensibilityGlobals) = postSolution
		SolutionGuid = {0C2518E5-4589-4898-BE79-60147448AE07}
	EndGlobalSection
EndGlobal
